
Microsoft Visual Studio Solution File, Format Version 12.00
# Visual Studio 15
VisualStudioVersion = 15.0.27004.2008
MinimumVisualStudioVersion = 10.0.40219.1
Project("{FAE04EC0-301F-11D3-BF4B-00C04F79EFBC}") = "applicition1", "applicition1\applicition1.csproj", "{7D01AC07-166C-4F60-B311-BF75F4FC514F}"
EndProject
Global
	GlobalSection(SolutionConfigurationPlatforms) = preSolution
		Debug|Any CPU = Debug|Any CPU
		Release|Any CPU = Release|Any CPU
	EndGlobalSection
	GlobalSection(ProjectConfigurationPlatforms) = postSolution
		{7D01AC07-166C-4F60-B311-BF75F4FC514F}.Debug|Any CPU.ActiveCfg = Debug|Any CPU
		{7D01AC07-166C-4F60-B311-BF75F4FC514F}.Debug|Any CPU.Build.0 = Debug|Any CPU
		{7D01AC07-166C-4F60-B311-BF75F4FC514F}.Release|Any CPU.ActiveCfg = Release|Any CPU
		{7D01AC07-166C-4F60-B311-BF75F4FC514F}.Release|Any CPU.Build.0 = Release|Any CPU
	EndGlobalSection
	GlobalSection(SolutionProperties) = preSolution
		HideSolutionNode = FALSE
	EndGlobalSection
	GlobalSection(ExtensibilityGlobals) = postSolution
		SolutionGuid = {115F2D7E-0B36-48C0-9672-6FA2F0613041}
	EndGlobalSection
EndGlobal
